{
  "name": "5.4",
  "lockfileVersion": 3,
  "requires": true,
  "packages": {
    "": {
      "dependencies": {
        "types-registry": "^0.1.692"
      },
      "devDependencies": {
        "@types/crypto-js": "^4.2.2",
        "@types/express": "^5.0.0",
        "@types/ffmpeg": "^1.0.7",
        "@types/fluent-ffmpeg": "^2.1.27",
        "@types/fs-extra": "^11.0.4",
        "@types/lodash": "^4.17.13",
        "@types/mime-types": "^2.1.4",
        "@types/node": "^22.8.6",
        "@types/node-fetch": "^2.6.11",
        "@types/qr-image": "^3.2.9",
        "@types/qrcode": "^1.5.5",
        "@types/qrcode-terminal": "^0.12.2",
        "@types/qs": "^6.9.16",
        "@types/turndown": "^5.0.5",
        "@types/unzipper": "^0.10.10",
        "@types/webtorrent": "^0.110.0",
        "@types/whatwg-url": "^11.0.5"
      }
    },
    "node_modules/@types/bittorrent-protocol": {
      "version": "3.1.6",
      "resolved": "https://registry.npmjs.org/@types/bittorrent-protocol/-/bittorrent-protocol-3.1.6.tgz",
      "integrity": "sha512-hqiRctJX9t9kknr6nn0q7UlcWHKvw2gSnPc/4jxt7Q/T0RP9txNv27Djue9ZjCNlAJ+irqAnCxtb+TcSpMyhtA==",
      "dev": true,
      "dependencies": {
        "@types/node": "*"
      }
    },
    "node_modules/@types/body-parser": {
      "version": "1.19.5",
      "resolved": "https://registry.npmjs.org/@types/body-parser/-/body-parser-1.19.5.tgz",
      "integrity": "sha512-fB3Zu92ucau0iQ0JMCFQE7b/dv8Ot07NI3KaZIkIUNXq82k4eBAqUaneXfleGY9JWskeS9y+u0nXMyspcuQrCg==",
      "dev": true,
      "dependencies": {
        "@types/connect": "*",
        "@types/node": "*"
      }
    },
    "node_modules/@types/connect": {
      "version": "3.4.38",
      "resolved": "https://registry.npmjs.org/@types/connect/-/connect-3.4.38.tgz",
      "integrity": "sha512-K6uROf1LD88uDQqJCktA4yzL1YYAK6NgfsI0v/mTgyPKWsX1CnJ0XPSDhViejru1GcRkLWb8RlzFYJRqGUbaug==",
      "dev": true,
      "dependencies": {
        "@types/node": "*"
      }
    },
    "node_modules/@types/crypto-js": {
      "version": "4.2.2",
      "resolved": "https://registry.npmjs.org/@types/crypto-js/-/crypto-js-4.2.2.tgz",
      "integrity": "sha512-sDOLlVbHhXpAUAL0YHDUUwDZf3iN4Bwi4W6a0W0b+QcAezUbRtH4FVb+9J4h+XFPW7l/gQ9F8qC7P+Ec4k8QVQ==",
      "dev": true
    },
    "node_modules/@types/express": {
      "version": "5.0.0",
      "resolved": "https://registry.npmjs.org/@types/express/-/express-5.0.0.tgz",
      "integrity": "sha512-DvZriSMehGHL1ZNLzi6MidnsDhUZM/x2pRdDIKdwbUNqqwHxMlRdkxtn6/EPKyqKpHqTl/4nRZsRNLpZxZRpPQ==",
      "dev": true,
      "dependencies": {
        "@types/body-parser": "*",
        "@types/express-serve-static-core": "^5.0.0",
        "@types/qs": "*",
        "@types/serve-static": "*"
      }
    },
    "node_modules/@types/express-serve-static-core": {
      "version": "5.0.1",
      "resolved": "https://registry.npmjs.org/@types/express-serve-static-core/-/express-serve-static-core-5.0.1.tgz",
      "integrity": "sha512-CRICJIl0N5cXDONAdlTv5ShATZ4HEwk6kDDIW2/w9qOWKg+NU/5F8wYRWCrONad0/UKkloNSmmyN/wX4rtpbVA==",
      "dev": true,
      "dependencies": {
        "@types/node": "*",
        "@types/qs": "*",
        "@types/range-parser": "*",
        "@types/send": "*"
      }
    },
    "node_modules/@types/ffmpeg": {
      "version": "1.0.7",
      "resolved": "https://registry.npmjs.org/@types/ffmpeg/-/ffmpeg-1.0.7.tgz",
      "integrity": "sha512-7Pw61IDG9Tj+gXGNshJ7JIM2fhDe0IrK7/F+b8midmsiljiugWKbW5KoNmhtZS3pPXWVfVHP3wOwquF/wbVxiw==",
      "dev": true
    },
    "node_modules/@types/fluent-ffmpeg": {
      "version": "2.1.27",
      "resolved": "https://registry.npmjs.org/@types/fluent-ffmpeg/-/fluent-ffmpeg-2.1.27.tgz",
      "integrity": "sha512-QiDWjihpUhriISNoBi2hJBRUUmoj/BMTYcfz+F+ZM9hHWBYABFAE6hjP/TbCZC0GWwlpa3FzvHH9RzFeRusZ7A==",
      "dev": true,
      "dependencies": {
        "@types/node": "*"
      }
    },
    "node_modules/@types/fs-extra": {
      "version": "11.0.4",
      "resolved": "https://registry.npmjs.org/@types/fs-extra/-/fs-extra-11.0.4.tgz",
      "integrity": "sha512-yTbItCNreRooED33qjunPthRcSjERP1r4MqCZc7wv0u2sUkzTFp45tgUfS5+r7FrZPdmCCNflLhVSP/o+SemsQ==",
      "dev": true,
      "dependencies": {
        "@types/jsonfile": "*",
        "@types/node": "*"
      }
    },
    "node_modules/@types/http-errors": {
      "version": "2.0.4",
      "resolved": "https://registry.npmjs.org/@types/http-errors/-/http-errors-2.0.4.tgz",
      "integrity": "sha512-D0CFMMtydbJAegzOyHjtiKPLlvnm3iTZyZRSZoLq2mRhDdmLfIWOCYPfQJ4cu2erKghU++QvjcUjp/5h7hESpA==",
      "dev": true
    },
    "node_modules/@types/jsonfile": {
      "version": "6.1.4",
      "resolved": "https://registry.npmjs.org/@types/jsonfile/-/jsonfile-6.1.4.tgz",
      "integrity": "sha512-D5qGUYwjvnNNextdU59/+fI+spnwtTFmyQP0h+PfIOSkNfpU6AOICUOkm4i0OnSk+NyjdPJrxCDro0sJsWlRpQ==",
      "dev": true,
      "dependencies": {
        "@types/node": "*"
      }
    },
    "node_modules/@types/lodash": {
      "version": "4.17.13",
      "resolved": "https://registry.npmjs.org/@types/lodash/-/lodash-4.17.13.tgz",
      "integrity": "sha512-lfx+dftrEZcdBPczf9d0Qv0x+j/rfNCMuC6OcfXmO8gkfeNAY88PgKUbvG56whcN23gc27yenwF6oJZXGFpYxg==",
      "dev": true
    },
    "node_modules/@types/magnet-uri": {
      "version": "5.1.5",
      "resolved": "https://registry.npmjs.org/@types/magnet-uri/-/magnet-uri-5.1.5.tgz",
      "integrity": "sha512-SbBjlb1KGe38VfjRR+mwqztJd/4skhdKkRbIzPDhTy7IAeEAPZWIVSEkZw00Qr4ZZOGR3/ATJ20WWPBfrKHGdA==",
      "dev": true,
      "dependencies": {
        "@types/node": "*"
      }
    },
    "node_modules/@types/mime": {
      "version": "1.3.5",
      "resolved": "https://registry.npmjs.org/@types/mime/-/mime-1.3.5.tgz",
      "integrity": "sha512-/pyBZWSLD2n0dcHE3hq8s8ZvcETHtEuF+3E7XVt0Ig2nvsVQXdghHVcEkIWjy9A0wKfTn97a/PSDYohKIlnP/w==",
      "dev": true
    },
    "node_modules/@types/mime-types": {
      "version": "2.1.4",
      "resolved": "https://registry.npmjs.org/@types/mime-types/-/mime-types-2.1.4.tgz",
      "integrity": "sha512-lfU4b34HOri+kAY5UheuFMWPDOI+OPceBSHZKp69gEyTL/mmJ4cnU6Y/rlme3UL3GyOn6Y42hyIEw0/q8sWx5w==",
      "dev": true
    },
    "node_modules/@types/node": {
      "version": "22.8.6",
      "resolved": "https://registry.npmjs.org/@types/node/-/node-22.8.6.tgz",
      "integrity": "sha512-tosuJYKrIqjQIlVCM4PEGxOmyg3FCPa/fViuJChnGeEIhjA46oy8FMVoF9su1/v8PNs2a8Q0iFNyOx0uOF91nw==",
      "dev": true,
      "dependencies": {
        "undici-types": "~6.19.8"
      }
    },
    "node_modules/@types/node-fetch": {
      "version": "2.6.11",
      "resolved": "https://registry.npmjs.org/@types/node-fetch/-/node-fetch-2.6.11.tgz",
      "integrity": "sha512-24xFj9R5+rfQJLRyM56qh+wnVSYhyXC2tkoBndtY0U+vubqNsYXGjufB2nn8Q6gt0LrARwL6UBtMCSVCwl4B1g==",
      "dev": true,
      "dependencies": {
        "@types/node": "*",
        "form-data": "^4.0.0"
      }
    },
    "node_modules/@types/parse-torrent": {
      "version": "5.8.7",
      "resolved": "https://registry.npmjs.org/@types/parse-torrent/-/parse-torrent-5.8.7.tgz",
      "integrity": "sha512-vZtYe450hO+KL7B5fejM8CHWg1LPZKeVXlolphPsWf6n4H0ZUlI6ICbqHoaFmH7JQmU2yRbGgyvqqizdFuGPFQ==",
      "dev": true,
      "dependencies": {
        "@types/magnet-uri": "*",
        "@types/node": "*",
        "@types/parse-torrent-file": "*"
      }
    },
    "node_modules/@types/parse-torrent-file": {
      "version": "4.0.6",
      "resolved": "https://registry.npmjs.org/@types/parse-torrent-file/-/parse-torrent-file-4.0.6.tgz",
      "integrity": "sha512-SxqVth0Iv0WuEkqWS5MaY4S4Tlyi+QHkElQREvsUPw2xHcPgKyQ2dkJRRv5vAxmLzH+tnMdOj1Nws/wsenbzUw==",
      "dev": true,
      "dependencies": {
        "@types/node": "*"
      }
    },
    "node_modules/@types/qr-image": {
      "version": "3.2.9",
      "resolved": "https://registry.npmjs.org/@types/qr-image/-/qr-image-3.2.9.tgz",
      "integrity": "sha512-vmqTI+ehoC07jtzjT9Dc+3eMpXTgdluD9orVHtp9bN1gE81SnOuMe9+EwmRuWfTH04YNyk1mihI/Vr7BIhUCZg==",
      "dev": true,
      "dependencies": {
        "@types/node": "*"
      }
    },
    "node_modules/@types/qrcode": {
      "version": "1.5.5",
      "resolved": "https://registry.npmjs.org/@types/qrcode/-/qrcode-1.5.5.tgz",
      "integrity": "sha512-CdfBi/e3Qk+3Z/fXYShipBT13OJ2fDO2Q2w5CIP5anLTLIndQG9z6P1cnm+8zCWSpm5dnxMFd/uREtb0EXuQzg==",
      "dev": true,
      "dependencies": {
        "@types/node": "*"
      }
    },
    "node_modules/@types/qrcode-terminal": {
      "version": "0.12.2",
      "resolved": "https://registry.npmjs.org/@types/qrcode-terminal/-/qrcode-terminal-0.12.2.tgz",
      "integrity": "sha512-v+RcIEJ+Uhd6ygSQ0u5YYY7ZM+la7GgPbs0V/7l/kFs2uO4S8BcIUEMoP7za4DNIqNnUD5npf0A/7kBhrCKG5Q==",
      "dev": true
    },
    "node_modules/@types/qs": {
      "version": "6.9.16",
      "resolved": "https://registry.npmjs.org/@types/qs/-/qs-6.9.16.tgz",
      "integrity": "sha512-7i+zxXdPD0T4cKDuxCUXJ4wHcsJLwENa6Z3dCu8cfCK743OGy5Nu1RmAGqDPsoTDINVEcdXKRvR/zre+P2Ku1A==",
      "dev": true
    },
    "node_modules/@types/range-parser": {
      "version": "1.2.7",
      "resolved": "https://registry.npmjs.org/@types/range-parser/-/range-parser-1.2.7.tgz",
      "integrity": "sha512-hKormJbkJqzQGhziax5PItDUTMAM9uE2XXQmM37dyd4hVM+5aVl7oVxMVUiVQn2oCQFN/LKCZdvSM0pFRqbSmQ==",
      "dev": true
    },
    "node_modules/@types/send": {
      "version": "0.17.4",
      "resolved": "https://registry.npmjs.org/@types/send/-/send-0.17.4.tgz",
      "integrity": "sha512-x2EM6TJOybec7c52BX0ZspPodMsQUd5L6PRwOunVyVUhXiBSKf3AezDL8Dgvgt5o0UfKNfuA0eMLr2wLT4AiBA==",
      "dev": true,
      "dependencies": {
        "@types/mime": "^1",
        "@types/node": "*"
      }
    },
    "node_modules/@types/serve-static": {
      "version": "1.15.7",
      "resolved": "https://registry.npmjs.org/@types/serve-static/-/serve-static-1.15.7.tgz",
      "integrity": "sha512-W8Ym+h8nhuRwaKPaDw34QUkwsGi6Rc4yYqvKFo5rm2FUEhCFbzVWrxXUxuKK8TASjWsysJY0nsmNCGhCOIsrOw==",
      "dev": true,
      "dependencies": {
        "@types/http-errors": "*",
        "@types/node": "*",
        "@types/send": "*"
      }
    },
    "node_modules/@types/simple-peer": {
      "version": "9.11.8",
      "resolved": "https://registry.npmjs.org/@types/simple-peer/-/simple-peer-9.11.8.tgz",
      "integrity": "sha512-rvqefdp2rvIA6wiomMgKWd2UZNPe6LM2EV5AuY3CPQJF+8TbdrL5TjYdMf0VAjGczzlkH4l1NjDkihwbj3Xodw==",
      "dev": true,
      "dependencies": {
        "@types/node": "*"
      }
    },
    "node_modules/@types/turndown": {
      "version": "5.0.5",
      "resolved": "https://registry.npmjs.org/@types/turndown/-/turndown-5.0.5.tgz",
      "integrity": "sha512-TL2IgGgc7B5j78rIccBtlYAnkuv8nUQqhQc+DSYV5j9Be9XOcm/SKOVRuA47xAVI3680Tk9B1d8flK2GWT2+4w==",
      "dev": true
    },
    "node_modules/@types/unzipper": {
      "version": "0.10.10",
      "resolved": "https://registry.npmjs.org/@types/unzipper/-/unzipper-0.10.10.tgz",
      "integrity": "sha512-jKJdNxhmCHTZsaKW5x0qjn6rB+gHk0w5VFbEKsw84i+RJqXZyfTmGnpjDcKqzMpjz7VVLsUBMtO5T3mVidpt0g==",
      "dev": true,
      "dependencies": {
        "@types/node": "*"
      }
    },
    "node_modules/@types/webidl-conversions": {
      "version": "7.0.3",
      "resolved": "https://registry.npmjs.org/@types/webidl-conversions/-/webidl-conversions-7.0.3.tgz",
      "integrity": "sha512-CiJJvcRtIgzadHCYXw7dqEnMNRjhGZlYK05Mj9OyktqV8uVT8fD2BFOB7S1uwBE3Kj2Z+4UyPmFw/Ixgw/LAlA==",
      "dev": true
    },
    "node_modules/@types/webtorrent": {
      "version": "0.110.0",
      "resolved": "https://registry.npmjs.org/@types/webtorrent/-/webtorrent-0.110.0.tgz",
      "integrity": "sha512-f2Moh9KWdHqYT1N5hxbaCw213SyYyyHhxOoxJI4c53nwAiq4JCytpySV8cM5FC9oPOE7Y/4nPYbnreJNl9lJRA==",
      "dev": true,
      "dependencies": {
        "@types/bittorrent-protocol": "*",
        "@types/node": "*",
        "@types/parse-torrent": "*",
        "@types/simple-peer": "*"
      }
    },
    "node_modules/@types/whatwg-url": {
      "version": "11.0.5",
      "resolved": "https://registry.npmjs.org/@types/whatwg-url/-/whatwg-url-11.0.5.tgz",
      "integrity": "sha512-coYR071JRaHa+xoEvvYqvnIHaVqaYrLPbsufM9BF63HkwI5Lgmy2QR8Q5K/lYDYo5AK82wOvSOS0UsLTpTG7uQ==",
      "dev": true,
      "dependencies": {
        "@types/webidl-conversions": "*"
      }
    },
    "node_modules/asynckit": {
      "version": "0.4.0",
      "resolved": "https://registry.npmjs.org/asynckit/-/asynckit-0.4.0.tgz",
      "integrity": "sha512-Oei9OH4tRh0YqU3GxhX79dM/mwVgvbZJaSNaRk+bshkj0S5cfHcgYakreBjrHwatXKbz+IoIdYLxrKim2MjW0Q==",
      "dev": true
    },
    "node_modules/combined-stream": {
      "version": "1.0.8",
      "resolved": "https://registry.npmjs.org/combined-stream/-/combined-stream-1.0.8.tgz",
      "integrity": "sha512-FQN4MRfuJeHf7cBbBMJFXhKSDq+2kAArBlmRBvcvFE5BB1HZKXtSFASDhdlz9zOYwxh8lDdnvmMOe/+5cdoEdg==",
      "dev": true,
      "dependencies": {
        "delayed-stream": "~1.0.0"
      },
      "engines": {
        "node": ">= 0.8"
      }
    },
    "node_modules/delayed-stream": {
      "version": "1.0.0",
      "resolved": "https://registry.npmjs.org/delayed-stream/-/delayed-stream-1.0.0.tgz",
      "integrity": "sha512-ZySD7Nf91aLB0RxL4KGrKHBXl7Eds1DAmEdcoVawXnLD7SDhpNgtuII2aAkg7a7QS41jxPSZ17p4VdGnMHk3MQ==",
      "dev": true,
      "engines": {
        "node": ">=0.4.0"
      }
    },
    "node_modules/form-data": {
      "version": "4.0.1",
      "resolved": "https://registry.npmjs.org/form-data/-/form-data-4.0.1.tgz",
      "integrity": "sha512-tzN8e4TX8+kkxGPK8D5u0FNmjPUjw3lwC9lSLxxoB/+GtsJG91CO8bSWy73APlgAZzZbXEYZJuxjkHH2w+Ezhw==",
      "dev": true,
      "dependencies": {
        "asynckit": "^0.4.0",
        "combined-stream": "^1.0.8",
        "mime-types": "^2.1.12"
      },
      "engines": {
        "node": ">= 6"
      }
    },
    "node_modules/mime-db": {
      "version": "1.52.0",
      "resolved": "https://registry.npmjs.org/mime-db/-/mime-db-1.52.0.tgz",
      "integrity": "sha512-sPU4uV7dYlvtWJxwwxHD0PuihVNiE7TyAbQ5SWxDCB9mUYvOgroQOwYQQOKPJ8CIbE+1ETVlOoK1UC2nU3gYvg==",
      "dev": true,
      "engines": {
        "node": ">= 0.6"
      }
    },
    "node_modules/mime-types": {
      "version": "2.1.35",
      "resolved": "https://registry.npmjs.org/mime-types/-/mime-types-2.1.35.tgz",
      "integrity": "sha512-ZDY+bPm5zTTF+YpCrAU9nK0UgICYPT0QtT1NZWFv4s++TNkcgVaT0g6+4R2uI4MjQjzysHB1zxuWL50hzaeXiw==",
      "dev": true,
      "dependencies": {
        "mime-db": "1.52.0"
      },
      "engines": {
        "node": ">= 0.6"
      }
    },
    "node_modules/types-registry": {
      "version": "0.1.692",
      "resolved": "https://registry.npmjs.org/types-registry/-/types-registry-0.1.692.tgz",
      "integrity": "sha512-HPe64VRn0pCOZDyFvmb+dc/PTtDIGiia3IIIj9T3r8LbZUX+0/XHFKLOiQz7YMv901b49ripZtN+acGqtg4Uow=="
    },
    "node_modules/undici-types": {
      "version": "6.19.8",
      "resolved": "https://registry.npmjs.org/undici-types/-/undici-types-6.19.8.tgz",
      "integrity": "sha512-ve2KP6f/JnbPBFyobGHuerC9g1FYGn/F8n1LWTwNxCEzd6IfqTwUQcNXgEtmmQ6DlRrC1hrSrBnCZPokRrDHjw==",
      "dev": true
    }
  }
}
